
Microsoft Visual Studio Solution File, Format Version 12.00
# Visual Studio Version 16
VisualStudioVersion = 16.0.29911.84
MinimumVisualStudioVersion = 10.0.40219.1
Project("{8BC9CEB8-8B4A-11D0-8D11-00A0C91BC942}") = "Project1", "Project1\Project1.vcxproj", "{FB536195-4506-4D25-A0EE-E0CCEB08D5C5}"
EndProject
Global
	GlobalSection(SolutionConfigurationPlatforms) = preSolution
		Debug|x64 = Debug|x64
		Debug|x86 = Debug|x86
		Release|x64 = Release|x64
		Release|x86 = Release|x86
	EndGlobalSection
	GlobalSection(ProjectConfigurationPlatforms) = postSolution
		{FB536195-4506-4D25-A0EE-E0CCEB08D5C5}.Debug|x64.ActiveCfg = Debug|x64
		{FB536195-4506-4D25-A0EE-E0CCEB08D5C5}.Debug|x64.Build.0 = Debug|x64
		{FB536195-4506-4D25-A0EE-E0CCEB08D5C5}.Debug|x86.ActiveCfg = Debug|Win32
		{FB536195-4506-4D25-A0EE-E0CCEB08D5C5}.Debug|x86.Build.0 = Debug|Win32
		{FB536195-4506-4D25-A0EE-E0CCEB08D5C5}.Release|x64.ActiveCfg = Release|x64
		{FB536195-4506-4D25-A0EE-E0CCEB08D5C5}.Release|x64.Build.0 = Release|x64
		{FB536195-4506-4D25-A0EE-E0CCEB08D5C5}.Release|x86.ActiveCfg = Release|Win32
		{FB536195-4506-4D25-A0EE-E0CCEB08D5C5}.Release|x86.Build.0 = Release|Win32
	EndGlobalSection
	GlobalSection(SolutionProperties) = preSolution
		HideSolutionNode = FALSE
	EndGlobalSection
	GlobalSection(ExtensibilityGlobals) = postSolution
		SolutionGuid = {3FC1CEB2-6B24-438D-93E2-FA33626C478F}
	EndGlobalSection
EndGlobal
